
Microsoft Visual Studio Solution File, Format Version 12.00
# Visual Studio Version 16
VisualStudioVersion = 16.0.31410.357
MinimumVisualStudioVersion = 10.0.40219.1
Project("{FAE04EC0-301F-11D3-BF4B-00C04F79EFBC}") = "CfaAPI", "CfaAPI.csproj", "{76618956-7806-498F-94A0-D240A73DA37F}"
EndProject
Global
	GlobalSection(SolutionConfigurationPlatforms) = preSolution
		Debug|Any CPU = Debug|Any CPU
		Release|Any CPU = Release|Any CPU
	EndGlobalSection
	GlobalSection(ProjectConfigurationPlatforms) = postSolution
		{76618956-7806-498F-94A0-D240A73DA37F}.Debug|Any CPU.ActiveCfg = Debug|Any CPU
		{76618956-7806-498F-94A0-D240A73DA37F}.Debug|Any CPU.Build.0 = Debug|Any CPU
		{76618956-7806-498F-94A0-D240A73DA37F}.Release|Any CPU.ActiveCfg = Release|Any CPU
		{76618956-7806-498F-94A0-D240A73DA37F}.Release|Any CPU.Build.0 = Release|Any CPU
	EndGlobalSection
	GlobalSection(SolutionProperties) = preSolution
		HideSolutionNode = FALSE
	EndGlobalSection
	GlobalSection(ExtensibilityGlobals) = postSolution
		SolutionGuid = {FC50E3A2-D2AC-412A-A153-B81665D8DC3D}
	EndGlobalSection
EndGlobal
